# THIS IS AN AUTOGENERATED FILE. DO NOT EDIT THIS FILE DIRECTLY.
# yarn lockfile v1


"@codemirror/state@^6.0.0", "@codemirror/state@^6.5.0":
  version "6.5.2"
  resolved "https://registry.npmjs.org/@codemirror/state/-/state-6.5.2.tgz"
  integrity sha512-FVqsPqtPWKVVL3dPSxy8wEF/ymIEuVzF1PK3VbUgrxXpJUSHQWWZz4JMToquRxnkw+36LTamCZG2iua2Ptq0fA==
  dependencies:
    "@marijn/find-cluster-break" "^1.0.0"

"@codemirror/view@^6.0.0":
  version "6.36.5"
  resolved "https://registry.npmjs.org/@codemirror/view/-/view-6.36.5.tgz"
  integrity sha512-cd+FZEUlu3GQCYnguYm3EkhJ8KJVisqqUsCOKedBoAt/d9c76JUUap6U0UrpElln5k6VyrEOYliMuDAKIeDQLg==
  dependencies:
    "@codemirror/state" "^6.5.0"
    style-mod "^4.1.0"
    w3c-keyname "^2.2.4"

"@esbuild/linux-x64@0.25.2":
  version "0.25.2"
  resolved "https://registry.npmjs.org/@esbuild/linux-x64/-/linux-x64-0.25.2.tgz"
  integrity sha512-QInHERlqpTTZ4FRB0fROQWXcYRD64lAoiegezDunLpalZMjcUcld3YzZmVJ2H/Cp0wJRZ8Xtjtj0cEHhYc/uUg==

"@marijn/find-cluster-break@^1.0.0":
  version "1.0.2"
  resolved "https://registry.npmjs.org/@marijn/find-cluster-break/-/find-cluster-break-1.0.2.tgz"
  integrity sha512-l0h88YhZFyKdXIFNfSWpyjStDjGHwZ/U7iobcK1cQQD8sejsONdQtTVU+1wVN1PBw40PiiHB1vA5S7VTfQiP9g==

"@types/codemirror@5.60.8":
  version "5.60.8"
  resolved "https://registry.npmjs.org/@types/codemirror/-/codemirror-5.60.8.tgz"
  integrity sha512-VjFgDF/eB+Aklcy15TtOTLQeMjTo07k7KAjql8OK5Dirr7a6sJY4T1uVBDuTVG9VEmn1uUsohOpYnVfgC6/jyw==
  dependencies:
    "@types/tern" "*"

"@types/estree@*":
  version "1.0.7"
  resolved "https://registry.npmjs.org/@types/estree/-/estree-1.0.7.tgz"
  integrity sha512-w28IoSUCJpidD/TGviZwwMJckNESJZXFu7NBZ5YJ4mEUnNraUn9Pm8HSZm/jDF1pDWYKspWE7oVphigUPRakIQ==

"@types/howler@^2.2.11":
  version "2.2.12"
  resolved "https://registry.npmjs.org/@types/howler/-/howler-2.2.12.tgz"
  integrity sha512-hy769UICzOSdK0Kn1FBk4gN+lswcj1EKRkmiDtMkUGvFfYJzgaDXmVXkSShS2m89ERAatGIPnTUlp2HhfkVo5g==

"@types/node@^16.11.6":
  version "16.18.126"
  resolved "https://registry.npmjs.org/@types/node/-/node-16.18.126.tgz"
  integrity sha512-OTcgaiwfGFBKacvfwuHzzn1KLxH/er8mluiy8/uM3sGXHaRe73RrSIj01jow9t4kJEW633Ov+cOexXeiApTyAw==

"@types/tern@*":
  version "0.23.9"
  resolved "https://registry.npmjs.org/@types/tern/-/tern-0.23.9.tgz"
  integrity sha512-ypzHFE/wBzh+BlH6rrBgS5I/Z7RD21pGhZ2rltb/+ZrVM1awdZwjx7hE5XfuYgHWk9uvV5HLZN3SloevCAp3Bw==
  dependencies:
    "@types/estree" "*"

builtin-modules@3.3.0:
  version "3.3.0"
  resolved "https://registry.npmjs.org/builtin-modules/-/builtin-modules-3.3.0.tgz"
  integrity sha512-zhaCDicdLuWN5UbN5IMnFqNMhNfo919sH85y2/ea+5Yg9TsTkeZxpL+JLbp6cgYFS4sRLp3YV4S6yDuqVWHYOw==

esbuild@^0.25.2:
  version "0.25.2"
  resolved "https://registry.npmjs.org/esbuild/-/esbuild-0.25.2.tgz"
  integrity sha512-16854zccKPnC+toMywC+uKNeYSv+/eXkevRAfwRD/G9Cleq66m8XFIrigkbvauLLlCfDL45Q2cWegSg53gGBnQ==
  optionalDependencies:
    "@esbuild/aix-ppc64" "0.25.2"
    "@esbuild/android-arm" "0.25.2"
    "@esbuild/android-arm64" "0.25.2"
    "@esbuild/android-x64" "0.25.2"
    "@esbuild/darwin-arm64" "0.25.2"
    "@esbuild/darwin-x64" "0.25.2"
    "@esbuild/freebsd-arm64" "0.25.2"
    "@esbuild/freebsd-x64" "0.25.2"
    "@esbuild/linux-arm" "0.25.2"
    "@esbuild/linux-arm64" "0.25.2"
    "@esbuild/linux-ia32" "0.25.2"
    "@esbuild/linux-loong64" "0.25.2"
    "@esbuild/linux-mips64el" "0.25.2"
    "@esbuild/linux-ppc64" "0.25.2"
    "@esbuild/linux-riscv64" "0.25.2"
    "@esbuild/linux-s390x" "0.25.2"
    "@esbuild/linux-x64" "0.25.2"
    "@esbuild/netbsd-arm64" "0.25.2"
    "@esbuild/netbsd-x64" "0.25.2"
    "@esbuild/openbsd-arm64" "0.25.2"
    "@esbuild/openbsd-x64" "0.25.2"
    "@esbuild/sunos-x64" "0.25.2"
    "@esbuild/win32-arm64" "0.25.2"
    "@esbuild/win32-ia32" "0.25.2"
    "@esbuild/win32-x64" "0.25.2"

howler@^2.2.4:
  version "2.2.4"
  resolved "https://registry.npmjs.org/howler/-/howler-2.2.4.tgz"
  integrity sha512-iARIBPgcQrwtEr+tALF+rapJ8qSc+Set2GJQl7xT1MQzWaVkFebdJhR3alVlSiUf5U7nAANKuj3aWpwerocD5w==

moment@2.29.4:
  version "2.29.4"
  resolved "https://registry.npmjs.org/moment/-/moment-2.29.4.tgz"
  integrity sha512-5LC9SOxjSc2HF6vO2CyuTDNivEdoz2IvyJJGj6X8DJ0eFyfszE0QiEd+iXmBvUP3WHxSjFH/vIsA0EN00cgr8w==

obsidian@^1.8.7:
  version "1.8.7"
  resolved "https://registry.npmjs.org/obsidian/-/obsidian-1.8.7.tgz"
  integrity sha512-h4bWwNFAGRXlMlMAzdEiIM2ppTGlrh7uGOJS6w4gClrsjc+ei/3YAtU2VdFUlCiPuTHpY4aBpFJJW75S1Tl/JA==
  dependencies:
    "@types/codemirror" "5.60.8"
    moment "2.29.4"

style-mod@^4.1.0:
  version "4.1.2"
  resolved "https://registry.npmjs.org/style-mod/-/style-mod-4.1.2.tgz"
  integrity sha512-wnD1HyVqpJUI2+eKZ+eo1UwghftP6yuFheBqqe+bWCotBjC2K1YnteJILRMs3SM4V/0dLEW1SC27MWP5y+mwmw==

tslib@^2.8.1:
  version "2.8.1"
  resolved "https://registry.npmjs.org/tslib/-/tslib-2.8.1.tgz"
  integrity sha512-oJFu94HQb+KVduSUQL7wnpmqnfmLsOA/nAh6b6EH0wCEoK0/mPeXU6c3wKDV83MkOuHPRHtSXKKU99IBazS/2w==

typescript@^4.7.4:
  version "4.7.4"
  resolved "https://registry.npmjs.org/typescript/-/typescript-4.7.4.tgz"
  integrity sha512-C0WQT0gezHuw6AdY1M2jxUO83Rjf0HP7Sk1DtXj6j1EwkQNZrHAg2XPWlq62oqEhYvONq5pkC2Y9oPljWToLmQ==

w3c-keyname@^2.2.4:
  version "2.2.8"
  resolved "https://registry.npmjs.org/w3c-keyname/-/w3c-keyname-2.2.8.tgz"
  integrity sha512-dpojBhNsCNN7T82Tm7k26A6G9ML3NkhDsnw9n/eoxSRlVBB4CEtIQ/KTCLI2Fwf3ataSXRhYFkQi3SlnFwPvPQ==
